Microsoft Visual Studio Solution File, Format Version 12.00
# Visual Studio Version 17
VisualStudioVersion = 17.5.2.0
MinimumVisualStudioVersion = 10.0.40219.1
Project("{FAE04EC0-301F-11D3-BF4B-00C04F79EFBC}") = "PaintBetter", "PaintBetter.csproj", "{D437F7E4-1DDE-4200-9697-41D4FDC14D2B}"
EndProject
Global
	GlobalSection(SolutionConfigurationPlatforms) = preSolution
		Debug|Any CPU = Debug|Any CPU
		Release|Any CPU = Release|Any CPU
	EndGlobalSection
	GlobalSection(ProjectConfigurationPlatforms) = postSolution
		{D437F7E4-1DDE-4200-9697-41D4FDC14D2B}.Debug|Any CPU.ActiveCfg = Debug|Any CPU
		{D437F7E4-1DDE-4200-9697-41D4FDC14D2B}.Debug|Any CPU.Build.0 = Debug|Any CPU
		{D437F7E4-1DDE-4200-9697-41D4FDC14D2B}.Release|Any CPU.ActiveCfg = Release|Any CPU
		{D437F7E4-1DDE-4200-9697-41D4FDC14D2B}.Release|Any CPU.Build.0 = Release|Any CPU
	EndGlobalSection
	GlobalSection(SolutionProperties) = preSolution
		HideSolutionNode = FALSE
	EndGlobalSection
	GlobalSection(ExtensibilityGlobals) = postSolution
		SolutionGuid = {3C047F26-02B1-44C5-A12E-8A0B19D45301}
	EndGlobalSection
EndGlobal
